{"format_version":"1.0","terraform_version":"1.1.4","planned_values":{"root_module":{"resources":[{"address":"google_storage_bucket.static-site","mode":"managed","type":"google_storage_bucket","name":"static-site","provider_name":"registry.terraform.io/hashicorp/google","schema_version":0,"values":{"cors":[{"max_age_seconds":3600,"method":["GET","HEAD","PUT","POST","DELETE"],"origin":["http://image-store.com"],"response_header":["*"]}],"default_event_based_hold":null,"encryption":[],"force_destroy":true,"labels":null,"lifecycle_rule":[],"location":"EU","logging":[],"name":"image-store.com","requester_pays":null,"retention_policy":[],"storage_class":"STANDARD","timeouts":null,"uniform_bucket_level_access":true,"versioning":[],"website":[{"main_page_suffix":"index.html","not_found_page":"404.html"}]},"sensitive_values":{"cors":[{"method":[false,false,false,false,false],"origin":[false],"response_header":[false]}],"encryption":[],"lifecycle_rule":[],"logging":[],"retention_policy":[],"versioning":[],"website":[{}]}}]}},"resource_changes":[{"address":"google_storage_bucket.static-site","mode":"managed","type":"google_storage_bucket","name":"static-site","provider_name":"registry.terraform.io/hashicorp/google","change":{"actions":["create"],"before":null,"after":{"cors":[{"max_age_seconds":3600,"method":["GET","HEAD","PUT","POST","DELETE"],"origin":["http://image-store.com"],"response_header":["*"]}],"default_event_based_hold":null,"encryption":[],"force_destroy":true,"labels":null,"lifecycle_rule":[],"location":"EU","logging":[],"name":"image-store.com","requester_pays":null,"retention_policy":[],"storage_class":"STANDARD","timeouts":null,"uniform_bucket_level_access":true,"versioning":[],"website":[{"main_page_suffix":"index.html","not_found_page":"404.html"}]},"after_unknown":{"cors":[{"method":[false,false,false,false,false],"origin":[false],"response_header":[false]}],"encryption":[],"id":true,"lifecycle_rule":[],"logging":[],"project":true,"retention_policy":[],"self_link":true,"url":true,"versioning":[],"website":[{}]},"before_sensitive":false,"after_sensitive":{"cors":[{"method":[false,false,false,false,false],"origin":[false],"response_header":[false]}],"encryption":[],"lifecycle_rule":[],"logging":[],"retention_policy":[],"versioning":[],"website":[{}]}}}],"configuration":{"provider_config":{"google":{"name":"google","version_constraint":"4.15.0"}},"root_module":{"resources":[{"address":"google_storage_bucket.static-site","mode":"managed","type":"google_storage_bucket","name":"static-site","provider_config_key":"google","expressions":{"cors":[{"max_age_seconds":{"constant_value":3600},"method":{"constant_value":["GET","HEAD","PUT","POST","DELETE"]},"origin":{"constant_value":["http://image-store.com"]},"response_header":{"constant_value":["*"]}}],"force_destroy":{"constant_value":true},"location":{"constant_value":"EU"},"name":{"constant_value":"image-store.com"},"uniform_bucket_level_access":{"constant_value":true},"website":[{"main_page_suffix":{"constant_value":"index.html"},"not_found_page":{"constant_value":"404.html"}}]},"schema_version":0}]}}}
